
Microsoft Visual Studio Solution File, Format Version 12.00
# Visual Studio Version 17
VisualStudioVersion = 17.5.002.0
MinimumVisualStudioVersion = 10.0.40219.1
Project("{9A19103F-16F7-4668-BE54-9A1E7A4F7556}") = "api", "api\api.csproj", "{92123AB6-A89F-4003-AE3E-C5976B0872A0}"
EndProject
Project("{FAE04EC0-301F-11D3-BF4B-00C04F79EFBC}") = "api-c", "api-c\api-c.csproj", "{A1706E47-3A75-4B12-BDE4-07900DDFC5E0}"
EndProject
Global
	GlobalSection(SolutionConfigurationPlatforms) = preSolution
		Debug|Any CPU = Debug|Any CPU
		Release|Any CPU = Release|Any CPU
	EndGlobalSection
	GlobalSection(ProjectConfigurationPlatforms) = postSolution
		{92123AB6-A89F-4003-AE3E-C5976B0872A0}.Debug|Any CPU.ActiveCfg = Debug|Any CPU
		{92123AB6-A89F-4003-AE3E-C5976B0872A0}.Debug|Any CPU.Build.0 = Debug|Any CPU
		{92123AB6-A89F-4003-AE3E-C5976B0872A0}.Release|Any CPU.ActiveCfg = Release|Any CPU
		{92123AB6-A89F-4003-AE3E-C5976B0872A0}.Release|Any CPU.Build.0 = Release|Any CPU
		{A1706E47-3A75-4B12-BDE4-07900DDFC5E0}.Debug|Any CPU.ActiveCfg = Debug|Any CPU
		{A1706E47-3A75-4B12-BDE4-07900DDFC5E0}.Debug|Any CPU.Build.0 = Debug|Any CPU
		{A1706E47-3A75-4B12-BDE4-07900DDFC5E0}.Release|Any CPU.ActiveCfg = Release|Any CPU
		{A1706E47-3A75-4B12-BDE4-07900DDFC5E0}.Release|Any CPU.Build.0 = Release|Any CPU
	EndGlobalSection
	GlobalSection(SolutionProperties) = preSolution
		HideSolutionNode = FALSE
	EndGlobalSection
	GlobalSection(ExtensibilityGlobals) = postSolution
		SolutionGuid = {E53F89B0-9B6C-40E5-A8B1-ECE6813948D2}
	EndGlobalSection
EndGlobal
